// !$*UTF8*$!
{
	archiveVersion = 1;
	classes = {
	};
	objectVersion = 50;
	objects = {

/* Begin PBXBuildFile section */
		6246914D249C2F0300605E19 /* KitchenDelegate.m in Sources */ = {isa = PBXBuildFile; fileRef = 6246914C249C2F0300605E19 /* KitchenDelegate.m */; };
		62469153249C33E200605E19 /* HateAnchoviesManager.m in Sources */ = {isa = PBXBuildFile; fileRef = 62469152249C33E200605E19 /* HateAnchoviesManager.m */; };
		62469156249C35D000605E19 /* SecondManager.m in Sources */ = {isa = PBXBuildFile; fileRef = 62469155249C35D000605E19 /* SecondManager.m */; };
		62469159249C4A5500605E19 /* DeliveryService.m in Sources */ = {isa = PBXBuildFile; fileRef = 62469158249C4A5500605E19 /* DeliveryService.m */; };
		6246915C249C4A6400605E19 /* DeliveryCar.m in Sources */ = {isa = PBXBuildFile; fileRef = 6246915B249C4A6400605E19 /* DeliveryCar.m */; };
		6261F1DF249738D100696680 /* main.m in Sources */ = {isa = PBXBuildFile; fileRef = 6261F1DE249738D100696680 /* main.m */; };
		6261F1E524973AEC00696680 /* PaymentGateway.m in Sources */ = {isa = PBXBuildFile; fileRef = 6261F1E424973AEC00696680 /* PaymentGateway.m */; };
		6261F1E824973C2900696680 /* PaypalPaymentService.m in Sources */ = {isa = PBXBuildFile; fileRef = 6261F1E724973C2900696680 /* PaypalPaymentService.m */; };
		6261F1EB24973C3700696680 /* StripePaymentService.m in Sources */ = {isa = PBXBuildFile; fileRef = 6261F1EA24973C3700696680 /* StripePaymentService.m */; };
		6261F1EE24973C4400696680 /* AmazonPaymentService.m in Sources */ = {isa = PBXBuildFile; fileRef = 6261F1ED24973C4400696680 /* AmazonPaymentService.m */; };
		6261F1F124974C6000696680 /* ApplePaymentService.m in Sources */ = {isa = PBXBuildFile; fileRef = 6261F1F024974C6000696680 /* ApplePaymentService.m */; };
		628BAB8B249BB0D800638809 /* Pizza.m in Sources */ = {isa = PBXBuildFile; fileRef = 628BAB8A249BB0D700638809 /* Pizza.m */; };
		6291C06324901A8F00FFE6C2 /* main.m in Sources */ = {isa = PBXBuildFile; fileRef = 6291C06224901A8F00FFE6C2 /* main.m */; };
		6291C06B24901ACD00FFE6C2 /* Box.m in Sources */ = {isa = PBXBuildFile; fileRef = 6291C06A24901ACD00FFE6C2 /* Box.m */; };
		629D74A32499D47100C31F26 /* main.m in Sources */ = {isa = PBXBuildFile; fileRef = 629D74A22499D47100C31F26 /* main.m */; };
		629D74A92499D5A600C31F26 /* Dice.m in Sources */ = {isa = PBXBuildFile; fileRef = 629D74A82499D5A600C31F26 /* Dice.m */; };
		629D74B92499D74000C31F26 /* NSString+PigLatinization.m in Sources */ = {isa = PBXBuildFile; fileRef = 629D74B62499D74000C31F26 /* NSString+PigLatinization.m */; };
		629D74BA2499D74000C31F26 /* main.m in Sources */ = {isa = PBXBuildFile; fileRef = 629D74B72499D74000C31F26 /* main.m */; };
		629D74DA2499D7A000C31F26 /* Question.m in Sources */ = {isa = PBXBuildFile; fileRef = 629D74C82499D79F00C31F26 /* Question.m */; };
		629D74DB2499D7A000C31F26 /* ScoreKeeper.m in Sources */ = {isa = PBXBuildFile; fileRef = 629D74C92499D79F00C31F26 /* ScoreKeeper.m */; };
		629D74DC2499D7A000C31F26 /* AdditionQuestion.m in Sources */ = {isa = PBXBuildFile; fileRef = 629D74CC2499D79F00C31F26 /* AdditionQuestion.m */; };
		629D74DD2499D7A000C31F26 /* QuestionManager.m in Sources */ = {isa = PBXBuildFile; fileRef = 629D74CD2499D79F00C31F26 /* QuestionManager.m */; };
		629D74DE2499D7A000C31F26 /* MultipleQuestion.m in Sources */ = {isa = PBXBuildFile; fileRef = 629D74CF2499D79F00C31F26 /* MultipleQuestion.m */; };
		629D74DF2499D7A000C31F26 /* InputHandler.m in Sources */ = {isa = PBXBuildFile; fileRef = 629D74D02499D7A000C31F26 /* InputHandler.m */; };
		629D74E02499D7A000C31F26 /* QuestionFactory.m in Sources */ = {isa = PBXBuildFile; fileRef = 629D74D62499D7A000C31F26 /* QuestionFactory.m */; };
		629D74E12499D7A000C31F26 /* DivisionQuestion.m in Sources */ = {isa = PBXBuildFile; fileRef = 629D74D72499D7A000C31F26 /* DivisionQuestion.m */; };
		629D74E22499D7A000C31F26 /* main.m in Sources */ = {isa = PBXBuildFile; fileRef = 629D74D82499D7A000C31F26 /* main.m */; };
		629D74E32499D7A000C31F26 /* SubtractionQuestion.m in Sources */ = {isa = PBXBuildFile; fileRef = 629D74D92499D7A000C31F26 /* SubtractionQuestion.m */; };
		629D74EB2499D7BC00C31F26 /* main.m in Sources */ = {isa = PBXBuildFile; fileRef = 629D74EA2499D7BC00C31F26 /* main.m */; };
		629D74F62499D7D600C31F26 /* main.m in Sources */ = {isa = PBXBuildFile; fileRef = 629D74EF2499D7D500C31F26 /* main.m */; };
		629D74F72499D7D600C31F26 /* Cook.m in Sources */ = {isa = PBXBuildFile; fileRef = 629D74F02499D7D600C31F26 /* Cook.m */; };
		629D74F82499D7D600C31F26 /* Cook2.m in Sources */ = {isa = PBXBuildFile; fileRef = 629D74F12499D7D600C31F26 /* Cook2.m */; };
		629D74F92499D7D600C31F26 /* FoodTruck.m in Sources */ = {isa = PBXBuildFile; fileRef = 629D74F42499D7D600C31F26 /* FoodTruck.m */; };
		629D74FC2499D80F00C31F26 /* InputHandler.m in Sources */ = {isa = PBXBuildFile; fileRef = 629D74FB2499D80F00C31F26 /* InputHandler.m */; };
		629D74FF2499E1C800C31F26 /* GameController.m in Sources */ = {isa = PBXBuildFile; fileRef = 629D74FE2499E1C800C31F26 /* GameController.m */; };
		62BF18BA249B3A18000AC1F3 /* Kitchen.m in Sources */ = {isa = PBXBuildFile; fileRef = 62BF18B7249B3A18000AC1F3 /* Kitchen.m */; };
		62BF18BB249B3A18000AC1F3 /* main.m in Sources */ = {isa = PBXBuildFile; fileRef = 62BF18B9249B3A18000AC1F3 /* main.m */; };
/* End PBXBuildFile section */

/* Begin PBXCopyFilesBuildPhase section */
		6261F1CF249738AB00696680 /* CopyFiles */ = {
			isa = PBXCopyFilesBuildPhase;
			buildActionMask = 2147483647;
			dstPath = /usr/share/man/man1/;
			dstSubfolderSpec = 0;
			files = (
			);
			runOnlyForDeploymentPostprocessing = 1;
		};
		6261F1DA249738D100696680 /* CopyFiles */ = {
			isa = PBXCopyFilesBuildPhase;
			buildActionMask = 2147483647;
			dstPath = /usr/share/man/man1/;
			dstSubfolderSpec = 0;
			files = (
			);
			runOnlyForDeploymentPostprocessing = 1;
		};
		6291C05D24901A8F00FFE6C2 /* CopyFiles */ = {
			isa = PBXCopyFilesBuildPhase;
			buildActionMask = 2147483647;
			dstPath = /usr/share/man/man1/;
			dstSubfolderSpec = 0;
			files = (
			);
			runOnlyForDeploymentPostprocessing = 1;
		};
		629D749E2499D47100C31F26 /* CopyFiles */ = {
			isa = PBXCopyFilesBuildPhase;
			buildActionMask = 2147483647;
			dstPath = /usr/share/man/man1/;
			dstSubfolderSpec = 0;
			files = (
			);
			runOnlyForDeploymentPostprocessing = 1;
		};
		629D74AD2499D73400C31F26 /* CopyFiles */ = {
			isa = PBXCopyFilesBuildPhase;
			buildActionMask = 2147483647;
			dstPath = /usr/share/man/man1/;
			dstSubfolderSpec = 0;
			files = (
			);
			runOnlyForDeploymentPostprocessing = 1;
		};
		629D74BD2499D76700C31F26 /* CopyFiles */ = {
			isa = PBXCopyFilesBuildPhase;
			buildActionMask = 2147483647;
			dstPath = /usr/share/man/man1/;
			dstSubfolderSpec = 0;
			files = (
			);
			runOnlyForDeploymentPostprocessing = 1;
		};
		629D74E62499D7BC00C31F26 /* CopyFiles */ = {
			isa = PBXCopyFilesBuildPhase;
			buildActionMask = 2147483647;
			dstPath = /usr/share/man/man1/;
			dstSubfolderSpec = 0;
			files = (
			);
			runOnlyForDeploymentPostprocessing = 1;
		};
		62BF18AD249B3A0A000AC1F3 /* CopyFiles */ = {
			isa = PBXCopyFilesBuildPhase;
			buildActionMask = 2147483647;
			dstPath = /usr/share/man/man1/;
			dstSubfolderSpec = 0;
			files = (
			);
			runOnlyForDeploymentPostprocessing = 1;
		};
/* End PBXCopyFilesBuildPhase section */

/* Begin PBXFileReference section */
		6246914B249C2F0300605E19 /* KitchenDelegate.h */ = {isa = PBXFileReference; lastKnownFileType = sourcecode.c.h; name = KitchenDelegate.h; path = PizzaRestaurant/KitchenDelegate.h; sourceTree = "<group>"; };
		6246914C249C2F0300605E19 /* KitchenDelegate.m */ = {isa = PBXFileReference; lastKnownFileType = sourcecode.c.objc; name = KitchenDelegate.m; path = PizzaRestaurant/KitchenDelegate.m; sourceTree = "<group>"; };
		62469151249C33E200605E19 /* HateAnchoviesManager.h */ = {isa = PBXFileReference; lastKnownFileType = sourcecode.c.h; name = HateAnchoviesManager.h; path = PizzaRestaurant/HateAnchoviesManager.h; sourceTree = "<group>"; };
		62469152249C33E200605E19 /* HateAnchoviesManager.m */ = {isa = PBXFileReference; lastKnownFileType = sourcecode.c.objc; name = HateAnchoviesManager.m; path = PizzaRestaurant/HateAnchoviesManager.m; sourceTree = "<group>"; };
		62469154249C35D000605E19 /* SecondManager.h */ = {isa = PBXFileReference; lastKnownFileType = sourcecode.c.h; name = SecondManager.h; path = PizzaRestaurant/SecondManager.h; sourceTree = "<group>"; };
		62469155249C35D000605E19 /* SecondManager.m */ = {isa = PBXFileReference; lastKnownFileType = sourcecode.c.objc; name = SecondManager.m; path = PizzaRestaurant/SecondManager.m; sourceTree = "<group>"; };
		62469157249C4A5500605E19 /* DeliveryService.h */ = {isa = PBXFileReference; lastKnownFileType = sourcecode.c.h; name = DeliveryService.h; path = PizzaRestaurant/DeliveryService.h; sourceTree = "<group>"; };
		62469158249C4A5500605E19 /* DeliveryService.m */ = {isa = PBXFileReference; lastKnownFileType = sourcecode.c.objc; name = DeliveryService.m; path = PizzaRestaurant/DeliveryService.m; sourceTree = "<group>"; };
		6246915A249C4A6400605E19 /* DeliveryCar.h */ = {isa = PBXFileReference; lastKnownFileType = sourcecode.c.h; name = DeliveryCar.h; path = PizzaRestaurant/DeliveryCar.h; sourceTree = "<group>"; };
		6246915B249C4A6400605E19 /* DeliveryCar.m */ = {isa = PBXFileReference; lastKnownFileType = sourcecode.c.objc; name = DeliveryCar.m; path = PizzaRestaurant/DeliveryCar.m; sourceTree = "<group>"; };
		6261F1D1249738AB00696680 /* Lab10 */ = {isa = PBXFileReference; explicitFileType = "compiled.mach-o.executable"; includeInIndex = 0; path = Lab10; sourceTree = BUILT_PRODUCTS_DIR; };
		6261F1DC249738D100696680 /* Payments */ = {isa = PBXFileReference; explicitFileType = "compiled.mach-o.executable"; includeInIndex = 0; path = Payments; sourceTree = BUILT_PRODUCTS_DIR; };
		6261F1DE249738D100696680 /* main.m */ = {isa = PBXFileReference; lastKnownFileType = sourcecode.c.objc; path = main.m; sourceTree = "<group>"; };
		6261F1E324973AEC00696680 /* PaymentGateway.h */ = {isa = PBXFileReference; lastKnownFileType = sourcecode.c.h; path = PaymentGateway.h; sourceTree = "<group>"; };
		6261F1E424973AEC00696680 /* PaymentGateway.m */ = {isa = PBXFileReference; lastKnownFileType = sourcecode.c.objc; path = PaymentGateway.m; sourceTree = "<group>"; };
		6261F1E624973C2900696680 /* PaypalPaymentService.h */ = {isa = PBXFileReference; lastKnownFileType = sourcecode.c.h; path = PaypalPaymentService.h; sourceTree = "<group>"; };
		6261F1E724973C2900696680 /* PaypalPaymentService.m */ = {isa = PBXFileReference; lastKnownFileType = sourcecode.c.objc; path = PaypalPaymentService.m; sourceTree = "<group>"; };
		6261F1E924973C3700696680 /* StripePaymentService.h */ = {isa = PBXFileReference; lastKnownFileType = sourcecode.c.h; path = StripePaymentService.h; sourceTree = "<group>"; };
		6261F1EA24973C3700696680 /* StripePaymentService.m */ = {isa = PBXFileReference; lastKnownFileType = sourcecode.c.objc; path = StripePaymentService.m; sourceTree = "<group>"; };
		6261F1EC24973C4400696680 /* AmazonPaymentService.h */ = {isa = PBXFileReference; lastKnownFileType = sourcecode.c.h; path = AmazonPaymentService.h; sourceTree = "<group>"; };
		6261F1ED24973C4400696680 /* AmazonPaymentService.m */ = {isa = PBXFileReference; lastKnownFileType = sourcecode.c.objc; path = AmazonPaymentService.m; sourceTree = "<group>"; };
		6261F1EF24974C6000696680 /* ApplePaymentService.h */ = {isa = PBXFileReference; lastKnownFileType = sourcecode.c.h; path = ApplePaymentService.h; sourceTree = "<group>"; };
		6261F1F024974C6000696680 /* ApplePaymentService.m */ = {isa = PBXFileReference; lastKnownFileType = sourcecode.c.objc; path = ApplePaymentService.m; sourceTree = "<group>"; };
		628BAB89249BB0D700638809 /* Pizza.h */ = {isa = PBXFileReference; lastKnownFileType = sourcecode.c.h; name = Pizza.h; path = PizzaRestaurant/Pizza.h; sourceTree = "<group>"; };
		628BAB8A249BB0D700638809 /* Pizza.m */ = {isa = PBXFileReference; lastKnownFileType = sourcecode.c.objc; name = Pizza.m; path = PizzaRestaurant/Pizza.m; sourceTree = "<group>"; };
		6291C05F24901A8F00FFE6C2 /* Lab2 */ = {isa = PBXFileReference; explicitFileType = "compiled.mach-o.executable"; includeInIndex = 0; path = Lab2; sourceTree = BUILT_PRODUCTS_DIR; };
		6291C06224901A8F00FFE6C2 /* main.m */ = {isa = PBXFileReference; lastKnownFileType = sourcecode.c.objc; path = main.m; sourceTree = "<group>"; };
		6291C06924901ACD00FFE6C2 /* Box.h */ = {isa = PBXFileReference; lastKnownFileType = sourcecode.c.h; path = Box.h; sourceTree = "<group>"; };
		6291C06A24901ACD00FFE6C2 /* Box.m */ = {isa = PBXFileReference; lastKnownFileType = sourcecode.c.objc; path = Box.m; sourceTree = "<group>"; };
		629D74A02499D47100C31F26 /* Threelow */ = {isa = PBXFileReference; explicitFileType = "compiled.mach-o.executable"; includeInIndex = 0; path = Threelow; sourceTree = BUILT_PRODUCTS_DIR; };
		629D74A22499D47100C31F26 /* main.m */ = {isa = PBXFileReference; lastKnownFileType = sourcecode.c.objc; path = main.m; sourceTree = "<group>"; };
		629D74A72499D5A600C31F26 /* Dice.h */ = {isa = PBXFileReference; lastKnownFileType = sourcecode.c.h; path = Dice.h; sourceTree = "<group>"; };
		629D74A82499D5A600C31F26 /* Dice.m */ = {isa = PBXFileReference; lastKnownFileType = sourcecode.c.objc; path = Dice.m; sourceTree = "<group>"; };
		629D74AF2499D73400C31F26 /* Lab13 */ = {isa = PBXFileReference; explicitFileType = "compiled.mach-o.executable"; includeInIndex = 0; path = Lab13; sourceTree = BUILT_PRODUCTS_DIR; };
		629D74B62499D74000C31F26 /* NSString+PigLatinization.m */ = {isa = PBXFileReference; fileEncoding = 4; lastKnownFileType = sourcecode.c.objc; name = "NSString+PigLatinization.m"; path = "../../Lab13/Lab13/NSString+PigLatinization.m"; sourceTree = "<group>"; };
		629D74B72499D74000C31F26 /* main.m */ = {isa = PBXFileReference; fileEncoding = 4; lastKnownFileType = sourcecode.c.objc; name = main.m; path = ../../Lab13/Lab13/main.m; sourceTree = "<group>"; };
		629D74B82499D74000C31F26 /* NSString+PigLatinization.h */ = {isa = PBXFileReference; fileEncoding = 4; lastKnownFileType = sourcecode.c.h; name = "NSString+PigLatinization.h"; path = "../../Lab13/Lab13/NSString+PigLatinization.h"; sourceTree = "<group>"; };
		629D74BF2499D76700C31F26 /* Maths */ = {isa = PBXFileReference; explicitFileType = "compiled.mach-o.executable"; includeInIndex = 0; path = Maths; sourceTree = BUILT_PRODUCTS_DIR; };
		629D74C72499D79F00C31F26 /* MultipleQuestion.h */ = {isa = PBXFileReference; fileEncoding = 4; lastKnownFileType = sourcecode.c.h; path = MultipleQuestion.h; sourceTree = "<group>"; };
		629D74C82499D79F00C31F26 /* Question.m */ = {isa = PBXFileReference; fileEncoding = 4; lastKnownFileType = sourcecode.c.objc; path = Question.m; sourceTree = "<group>"; };
		629D74C92499D79F00C31F26 /* ScoreKeeper.m */ = {isa = PBXFileReference; fileEncoding = 4; lastKnownFileType = sourcecode.c.objc; path = ScoreKeeper.m; sourceTree = "<group>"; };
		629D74CA2499D79F00C31F26 /* QuestionFactory.h */ = {isa = PBXFileReference; fileEncoding = 4; lastKnownFileType = sourcecode.c.h; path = QuestionFactory.h; sourceTree = "<group>"; };
		629D74CB2499D79F00C31F26 /* DivisionQuestion.h */ = {isa = PBXFileReference; fileEncoding = 4; lastKnownFileType = sourcecode.c.h; path = DivisionQuestion.h; sourceTree = "<group>"; };
		629D74CC2499D79F00C31F26 /* AdditionQuestion.m */ = {isa = PBXFileReference; fileEncoding = 4; lastKnownFileType = sourcecode.c.objc; path = AdditionQuestion.m; sourceTree = "<group>"; };
		629D74CD2499D79F00C31F26 /* QuestionManager.m */ = {isa = PBXFileReference; fileEncoding = 4; lastKnownFileType = sourcecode.c.objc; path = QuestionManager.m; sourceTree = "<group>"; };
		629D74CE2499D79F00C31F26 /* SubtractionQuestion.h */ = {isa = PBXFileReference; fileEncoding = 4; lastKnownFileType = sourcecode.c.h; path = SubtractionQuestion.h; sourceTree = "<group>"; };
		629D74CF2499D79F00C31F26 /* MultipleQuestion.m */ = {isa = PBXFileReference; fileEncoding = 4; lastKnownFileType = sourcecode.c.objc; path = MultipleQuestion.m; sourceTree = "<group>"; };
		629D74D02499D7A000C31F26 /* InputHandler.m */ = {isa = PBXFileReference; fileEncoding = 4; lastKnownFileType = sourcecode.c.objc; path = InputHandler.m; sourceTree = "<group>"; };
		629D74D12499D7A000C31F26 /* ScoreKeeper.h */ = {isa = PBXFileReference; fileEncoding = 4; lastKnownFileType = sourcecode.c.h; path = ScoreKeeper.h; sourceTree = "<group>"; };
		629D74D22499D7A000C31F26 /* Question.h */ = {isa = PBXFileReference; fileEncoding = 4; lastKnownFileType = sourcecode.c.h; path = Question.h; sourceTree = "<group>"; };
		629D74D32499D7A000C31F26 /* InputHandler.h */ = {isa = PBXFileReference; fileEncoding = 4; lastKnownFileType = sourcecode.c.h; path = InputHandler.h; sourceTree = "<group>"; };
		629D74D42499D7A000C31F26 /* QuestionManager.h */ = {isa = PBXFileReference; fileEncoding = 4; lastKnownFileType = sourcecode.c.h; path = QuestionManager.h; sourceTree = "<group>"; };
		629D74D52499D7A000C31F26 /* AdditionQuestion.h */ = {isa = PBXFileReference; fileEncoding = 4; lastKnownFileType = sourcecode.c.h; path = AdditionQuestion.h; sourceTree = "<group>"; };
		629D74D62499D7A000C31F26 /* QuestionFactory.m */ = {isa = PBXFileReference; fileEncoding = 4; lastKnownFileType = sourcecode.c.objc; path = QuestionFactory.m; sourceTree = "<group>"; };
		629D74D72499D7A000C31F26 /* DivisionQuestion.m */ = {isa = PBXFileReference; fileEncoding = 4; lastKnownFileType = sourcecode.c.objc; path = DivisionQuestion.m; sourceTree = "<group>"; };
		629D74D82499D7A000C31F26 /* main.m */ = {isa = PBXFileReference; fileEncoding = 4; lastKnownFileType = sourcecode.c.objc; path = main.m; sourceTree = "<group>"; };
		629D74D92499D7A000C31F26 /* SubtractionQuestion.m */ = {isa = PBXFileReference; fileEncoding = 4; lastKnownFileType = sourcecode.c.objc; path = SubtractionQuestion.m; sourceTree = "<group>"; };
		629D74E82499D7BC00C31F26 /* Foodtruck */ = {isa = PBXFileReference; explicitFileType = "compiled.mach-o.executable"; includeInIndex = 0; path = Foodtruck; sourceTree = BUILT_PRODUCTS_DIR; };
		629D74EA2499D7BC00C31F26 /* main.m */ = {isa = PBXFileReference; lastKnownFileType = sourcecode.c.objc; path = main.m; sourceTree = "<group>"; };
		629D74EF2499D7D500C31F26 /* main.m */ = {isa = PBXFileReference; fileEncoding = 4; lastKnownFileType = sourcecode.c.objc; name = main.m; path = ../../Lab/Lab9/Foodtruck/main.m; sourceTree = "<group>"; };
		629D74F02499D7D600C31F26 /* Cook.m */ = {isa = PBXFileReference; fileEncoding = 4; lastKnownFileType = sourcecode.c.objc; path = Cook.m; sourceTree = "<group>"; };
		629D74F12499D7D600C31F26 /* Cook2.m */ = {isa = PBXFileReference; fileEncoding = 4; lastKnownFileType = sourcecode.c.objc; path = Cook2.m; sourceTree = "<group>"; };
		629D74F22499D7D600C31F26 /* Cook2.h */ = {isa = PBXFileReference; fileEncoding = 4; lastKnownFileType = sourcecode.c.h; path = Cook2.h; sourceTree = "<group>"; };
		629D74F32499D7D600C31F26 /* Cook.h */ = {isa = PBXFileReference; fileEncoding = 4; lastKnownFileType = sourcecode.c.h; path = Cook.h; sourceTree = "<group>"; };
		629D74F42499D7D600C31F26 /* FoodTruck.m */ = {isa = PBXFileReference; fileEncoding = 4; lastKnownFileType = sourcecode.c.objc; path = FoodTruck.m; sourceTree = "<group>"; };
		629D74F52499D7D600C31F26 /* FoodTruck.h */ = {isa = PBXFileReference; fileEncoding = 4; lastKnownFileType = sourcecode.c.h; path = FoodTruck.h; sourceTree = "<group>"; };
		629D74FA2499D80F00C31F26 /* InputHandler.h */ = {isa = PBXFileReference; lastKnownFileType = sourcecode.c.h; path = InputHandler.h; sourceTree = "<group>"; };
		629D74FB2499D80F00C31F26 /* InputHandler.m */ = {isa = PBXFileReference; lastKnownFileType = sourcecode.c.objc; path = InputHandler.m; sourceTree = "<group>"; };
		629D74FD2499E1C800C31F26 /* GameController.h */ = {isa = PBXFileReference; lastKnownFileType = sourcecode.c.h; path = GameController.h; sourceTree = "<group>"; };
		629D74FE2499E1C800C31F26 /* GameController.m */ = {isa = PBXFileReference; lastKnownFileType = sourcecode.c.objc; path = GameController.m; sourceTree = "<group>"; };
		62BF18AF249B3A0A000AC1F3 /* PizzaRestaurant-master */ = {isa = PBXFileReference; explicitFileType = "compiled.mach-o.executable"; includeInIndex = 0; path = "PizzaRestaurant-master"; sourceTree = BUILT_PRODUCTS_DIR; };
		62BF18B6249B3A18000AC1F3 /* Kitchen.h */ = {isa = PBXFileReference; fileEncoding = 4; lastKnownFileType = sourcecode.c.h; name = Kitchen.h; path = PizzaRestaurant/Kitchen.h; sourceTree = "<group>"; };
		62BF18B7249B3A18000AC1F3 /* Kitchen.m */ = {isa = PBXFileReference; fileEncoding = 4; lastKnownFileType = sourcecode.c.objc; name = Kitchen.m; path = PizzaRestaurant/Kitchen.m; sourceTree = "<group>"; };
		62BF18B8249B3A18000AC1F3 /* PizzaRestaurant-Prefix.pch */ = {isa = PBXFileReference; fileEncoding = 4; lastKnownFileType = sourcecode.c.h; name = "PizzaRestaurant-Prefix.pch"; path = "PizzaRestaurant/PizzaRestaurant-Prefix.pch"; sourceTree = "<group>"; };
		62BF18B9249B3A18000AC1F3 /* main.m */ = {isa = PBXFileReference; fileEncoding = 4; lastKnownFileType = sourcecode.c.objc; name = main.m; path = PizzaRestaurant/main.m; sourceTree = "<group>"; };
/* End PBXFileReference section */

/* Begin PBXFrameworksBuildPhase section */
		6261F1CE249738AB00696680 /* Frameworks */ = {
			isa = PBXFrameworksBuildPhase;
			buildActionMask = 2147483647;
			files = (
			);
			runOnlyForDeploymentPostprocessing = 0;
		};
		6261F1D9249738D100696680 /* Frameworks */ = {
			isa = PBXFrameworksBuildPhase;
			buildActionMask = 2147483647;
			files = (
			);
			runOnlyForDeploymentPostprocessing = 0;
		};
		6291C05C24901A8F00FFE6C2 /* Frameworks */ = {
			isa = PBXFrameworksBuildPhase;
			buildActionMask = 2147483647;
			files = (
			);
			runOnlyForDeploymentPostprocessing = 0;
		};
		629D749D2499D47100C31F26 /* Frameworks */ = {
			isa = PBXFrameworksBuildPhase;
			buildActionMask = 2147483647;
			files = (
			);
			runOnlyForDeploymentPostprocessing = 0;
		};
		629D74AC2499D73400C31F26 /* Frameworks */ = {
			isa = PBXFrameworksBuildPhase;
			buildActionMask = 2147483647;
			files = (
			);
			runOnlyForDeploymentPostprocessing = 0;
		};
		629D74BC2499D76700C31F26 /* Frameworks */ = {
			isa = PBXFrameworksBuildPhase;
			buildActionMask = 2147483647;
			files = (
			);
			runOnlyForDeploymentPostprocessing = 0;
		};
		629D74E52499D7BC00C31F26 /* Frameworks */ = {
			isa = PBXFrameworksBuildPhase;
			buildActionMask = 2147483647;
			files = (
			);
			runOnlyForDeploymentPostprocessing = 0;
		};
		62BF18AC249B3A0A000AC1F3 /* Frameworks */ = {
			isa = PBXFrameworksBuildPhase;
			buildActionMask = 2147483647;
			files = (
			);
			runOnlyForDeploymentPostprocessing = 0;
		};
/* End PBXFrameworksBuildPhase section */

/* Begin PBXGroup section */
		6261F1DD249738D100696680 /* Payments */ = {
			isa = PBXGroup;
			children = (
				6261F1DE249738D100696680 /* main.m */,
				6261F1EC24973C4400696680 /* AmazonPaymentService.h */,
				6261F1ED24973C4400696680 /* AmazonPaymentService.m */,
				6261F1EF24974C6000696680 /* ApplePaymentService.h */,
				6261F1F024974C6000696680 /* ApplePaymentService.m */,
				6261F1E924973C3700696680 /* StripePaymentService.h */,
				6261F1EA24973C3700696680 /* StripePaymentService.m */,
				6261F1E624973C2900696680 /* PaypalPaymentService.h */,
				6261F1E724973C2900696680 /* PaypalPaymentService.m */,
				6261F1E324973AEC00696680 /* PaymentGateway.h */,
				6261F1E424973AEC00696680 /* PaymentGateway.m */,
			);
			path = Payments;
			sourceTree = "<group>";
		};
		6291C05624901A8F00FFE6C2 = {
			isa = PBXGroup;
			children = (
				6291C06124901A8F00FFE6C2 /* Lab2 */,
				6261F1DD249738D100696680 /* Payments */,
				629D74A12499D47100C31F26 /* Threelow */,
				629D74B02499D73400C31F26 /* Lab13 */,
				629D74C02499D76700C31F26 /* Maths */,
				629D74E92499D7BC00C31F26 /* Foodtruck */,
				62BF18B0249B3A0A000AC1F3 /* PizzaRestaurant-master */,
				6291C06024901A8F00FFE6C2 /* Products */,
			);
			sourceTree = "<group>";
		};
		6291C06024901A8F00FFE6C2 /* Products */ = {
			isa = PBXGroup;
			children = (
				6291C05F24901A8F00FFE6C2 /* Lab2 */,
				6261F1D1249738AB00696680 /* Lab10 */,
				6261F1DC249738D100696680 /* Payments */,
				629D74A02499D47100C31F26 /* Threelow */,
				629D74AF2499D73400C31F26 /* Lab13 */,
				629D74BF2499D76700C31F26 /* Maths */,
				629D74E82499D7BC00C31F26 /* Foodtruck */,
				62BF18AF249B3A0A000AC1F3 /* PizzaRestaurant-master */,
			);
			name = Products;
			sourceTree = "<group>";
		};
		6291C06124901A8F00FFE6C2 /* Lab2 */ = {
			isa = PBXGroup;
			children = (
				6291C06224901A8F00FFE6C2 /* main.m */,
				6291C06924901ACD00FFE6C2 /* Box.h */,
				6291C06A24901ACD00FFE6C2 /* Box.m */,
			);
			path = Lab2;
			sourceTree = "<group>";
		};
		629D74A12499D47100C31F26 /* Threelow */ = {
			isa = PBXGroup;
			children = (
				629D74A22499D47100C31F26 /* main.m */,
				629D74FD2499E1C800C31F26 /* GameController.h */,
				629D74FE2499E1C800C31F26 /* GameController.m */,
				629D74FA2499D80F00C31F26 /* InputHandler.h */,
				629D74FB2499D80F00C31F26 /* InputHandler.m */,
				629D74A72499D5A600C31F26 /* Dice.h */,
				629D74A82499D5A600C31F26 /* Dice.m */,
			);
			path = Threelow;
			sourceTree = "<group>";
		};
		629D74B02499D73400C31F26 /* Lab13 */ = {
			isa = PBXGroup;
			children = (
				629D74B72499D74000C31F26 /* main.m */,
				629D74B82499D74000C31F26 /* NSString+PigLatinization.h */,
				629D74B62499D74000C31F26 /* NSString+PigLatinization.m */,
			);
			path = Lab13;
			sourceTree = "<group>";
		};
		629D74C02499D76700C31F26 /* Maths */ = {
			isa = PBXGroup;
			children = (
				629D74D52499D7A000C31F26 /* AdditionQuestion.h */,
				629D74CC2499D79F00C31F26 /* AdditionQuestion.m */,
				629D74CB2499D79F00C31F26 /* DivisionQuestion.h */,
				629D74D72499D7A000C31F26 /* DivisionQuestion.m */,
				629D74D32499D7A000C31F26 /* InputHandler.h */,
				629D74D02499D7A000C31F26 /* InputHandler.m */,
				629D74D82499D7A000C31F26 /* main.m */,
				629D74C72499D79F00C31F26 /* MultipleQuestion.h */,
				629D74CF2499D79F00C31F26 /* MultipleQuestion.m */,
				629D74D22499D7A000C31F26 /* Question.h */,
				629D74C82499D79F00C31F26 /* Question.m */,
				629D74CA2499D79F00C31F26 /* QuestionFactory.h */,
				629D74D62499D7A000C31F26 /* QuestionFactory.m */,
				629D74D42499D7A000C31F26 /* QuestionManager.h */,
				629D74CD2499D79F00C31F26 /* QuestionManager.m */,
				629D74D12499D7A000C31F26 /* ScoreKeeper.h */,
				629D74C92499D79F00C31F26 /* ScoreKeeper.m */,
				629D74CE2499D79F00C31F26 /* SubtractionQuestion.h */,
				629D74D92499D7A000C31F26 /* SubtractionQuestion.m */,
			);
			path = Maths;
			sourceTree = "<group>";
		};
		629D74E92499D7BC00C31F26 /* Foodtruck */ = {
			isa = PBXGroup;
			children = (
				629D74F32499D7D600C31F26 /* Cook.h */,
				629D74F02499D7D600C31F26 /* Cook.m */,
				629D74F22499D7D600C31F26 /* Cook2.h */,
				629D74F12499D7D600C31F26 /* Cook2.m */,
				629D74F52499D7D600C31F26 /* FoodTruck.h */,
				629D74F42499D7D600C31F26 /* FoodTruck.m */,
				629D74EF2499D7D500C31F26 /* main.m */,
				629D74EA2499D7BC00C31F26 /* main.m */,
			);
			path = Foodtruck;
			sourceTree = "<group>";
		};
		62BF18B0249B3A0A000AC1F3 /* PizzaRestaurant-master */ = {
			isa = PBXGroup;
			children = (
				6246914B249C2F0300605E19 /* KitchenDelegate.h */,
				6246914C249C2F0300605E19 /* KitchenDelegate.m */,
				62469151249C33E200605E19 /* HateAnchoviesManager.h */,
				62469152249C33E200605E19 /* HateAnchoviesManager.m */,
				62469154249C35D000605E19 /* SecondManager.h */,
				62469155249C35D000605E19 /* SecondManager.m */,
				6246915A249C4A6400605E19 /* DeliveryCar.h */,
				6246915B249C4A6400605E19 /* DeliveryCar.m */,
				62469157249C4A5500605E19 /* DeliveryService.h */,
				62469158249C4A5500605E19 /* DeliveryService.m */,
				62BF18B6249B3A18000AC1F3 /* Kitchen.h */,
				62BF18B7249B3A18000AC1F3 /* Kitchen.m */,
				628BAB89249BB0D700638809 /* Pizza.h */,
				628BAB8A249BB0D700638809 /* Pizza.m */,
				62BF18B9249B3A18000AC1F3 /* main.m */,
				62BF18B8249B3A18000AC1F3 /* PizzaRestaurant-Prefix.pch */,
			);
			path = "PizzaRestaurant-master";
			sourceTree = "<group>";
		};
/* End PBXGroup section */

/* Begin PBXNativeTarget section */
		6261F1D0249738AB00696680 /* Lab10 */ = {
			isa = PBXNativeTarget;
			buildConfigurationList = 6261F1D7249738AB00696680 /* Build configuration list for PBXNativeTarget "Lab10" */;
			buildPhases = (
				6261F1CD249738AB00696680 /* Sources */,
				6261F1CE249738AB00696680 /* Frameworks */,
				6261F1CF249738AB00696680 /* CopyFiles */,
			);
			buildRules = (
			);
			dependencies = (
			);
			name = Lab10;
			productName = Lab10;
			productReference = 6261F1D1249738AB00696680 /* Lab10 */;
			productType = "com.apple.product-type.tool";
		};
		6261F1DB249738D100696680 /* Payments */ = {
			isa = PBXNativeTarget;
			buildConfigurationList = 6261F1E0249738D100696680 /* Build configuration list for PBXNativeTarget "Payments" */;
			buildPhases = (
				6261F1D8249738D100696680 /* Sources */,
				6261F1D9249738D100696680 /* Frameworks */,
				6261F1DA249738D100696680 /* CopyFiles */,
			);
			buildRules = (
			);
			dependencies = (
			);
			name = Payments;
			productName = Payments;
			productReference = 6261F1DC249738D100696680 /* Payments */;
			productType = "com.apple.product-type.tool";
		};
		6291C05E24901A8F00FFE6C2 /* Lab2 */ = {
			isa = PBXNativeTarget;
			buildConfigurationList = 6291C06624901A8F00FFE6C2 /* Build configuration list for PBXNativeTarget "Lab2" */;
			buildPhases = (
				6291C05B24901A8F00FFE6C2 /* Sources */,
				6291C05C24901A8F00FFE6C2 /* Frameworks */,
				6291C05D24901A8F00FFE6C2 /* CopyFiles */,
			);
			buildRules = (
			);
			dependencies = (
			);
			name = Lab2;
			productName = Lab2;
			productReference = 6291C05F24901A8F00FFE6C2 /* Lab2 */;
			productType = "com.apple.product-type.tool";
		};
		629D749F2499D47100C31F26 /* Threelow */ = {
			isa = PBXNativeTarget;
			buildConfigurationList = 629D74A62499D47100C31F26 /* Build configuration list for PBXNativeTarget "Threelow" */;
			buildPhases = (
				629D749C2499D47100C31F26 /* Sources */,
				629D749D2499D47100C31F26 /* Frameworks */,
				629D749E2499D47100C31F26 /* CopyFiles */,
			);
			buildRules = (
			);
			dependencies = (
			);
			name = Threelow;
			productName = Threelow;
			productReference = 629D74A02499D47100C31F26 /* Threelow */;
			productType = "com.apple.product-type.tool";
		};
		629D74AE2499D73400C31F26 /* Lab13 */ = {
			isa = PBXNativeTarget;
			buildConfigurationList = 629D74B32499D73400C31F26 /* Build configuration list for PBXNativeTarget "Lab13" */;
			buildPhases = (
				629D74AB2499D73400C31F26 /* Sources */,
				629D74AC2499D73400C31F26 /* Frameworks */,
				629D74AD2499D73400C31F26 /* CopyFiles */,
			);
			buildRules = (
			);
			dependencies = (
			);
			name = Lab13;
			productName = Lab13;
			productReference = 629D74AF2499D73400C31F26 /* Lab13 */;
			productType = "com.apple.product-type.tool";
		};
		629D74BE2499D76700C31F26 /* Maths */ = {
			isa = PBXNativeTarget;
			buildConfigurationList = 629D74C32499D76700C31F26 /* Build configuration list for PBXNativeTarget "Maths" */;
			buildPhases = (
				629D74BB2499D76700C31F26 /* Sources */,
				629D74BC2499D76700C31F26 /* Frameworks */,
				629D74BD2499D76700C31F26 /* CopyFiles */,
			);
			buildRules = (
			);
			dependencies = (
			);
			name = Maths;
			productName = Maths;
			productReference = 629D74BF2499D76700C31F26 /* Maths */;
			productType = "com.apple.product-type.tool";
		};
		629D74E72499D7BC00C31F26 /* Foodtruck */ = {
			isa = PBXNativeTarget;
			buildConfigurationList = 629D74EC2499D7BC00C31F26 /* Build configuration list for PBXNativeTarget "Foodtruck" */;
			buildPhases = (
				629D74E42499D7BC00C31F26 /* Sources */,
				629D74E52499D7BC00C31F26 /* Frameworks */,
				629D74E62499D7BC00C31F26 /* CopyFiles */,
			);
			buildRules = (
			);
			dependencies = (
			);
			name = Foodtruck;
			productName = Foodtruck;
			productReference = 629D74E82499D7BC00C31F26 /* Foodtruck */;
			productType = "com.apple.product-type.tool";
		};
		62BF18AE249B3A0A000AC1F3 /* PizzaRestaurant-master */ = {
			isa = PBXNativeTarget;
			buildConfigurationList = 62BF18B5249B3A0A000AC1F3 /* Build configuration list for PBXNativeTarget "PizzaRestaurant-master" */;
			buildPhases = (
				62BF18AB249B3A0A000AC1F3 /* Sources */,
				62BF18AC249B3A0A000AC1F3 /* Frameworks */,
				62BF18AD249B3A0A000AC1F3 /* CopyFiles */,
			);
			buildRules = (
			);
			dependencies = (
			);
			name = "PizzaRestaurant-master";
			productName = "PizzaRestaurant-master";
			productReference = 62BF18AF249B3A0A000AC1F3 /* PizzaRestaurant-master */;
			productType = "com.apple.product-type.tool";
		};
/* End PBXNativeTarget section */

/* Begin PBXProject section */
		6291C05724901A8F00FFE6C2 /* Project object */ = {
			isa = PBXProject;
			attributes = {
				LastUpgradeCheck = 1150;
				ORGANIZATIONNAME = "Tomona Sako";
				TargetAttributes = {
					6261F1D0249738AB00696680 = {
						CreatedOnToolsVersion = 11.5;
					};
					6261F1DB249738D100696680 = {
						CreatedOnToolsVersion = 11.5;
					};
					6291C05E24901A8F00FFE6C2 = {
						CreatedOnToolsVersion = 11.5;
					};
					629D749F2499D47100C31F26 = {
						CreatedOnToolsVersion = 11.5;
					};
					629D74AE2499D73400C31F26 = {
						CreatedOnToolsVersion = 11.5;
					};
					629D74BE2499D76700C31F26 = {
						CreatedOnToolsVersion = 11.5;
					};
					629D74E72499D7BC00C31F26 = {
						CreatedOnToolsVersion = 11.5;
					};
					62BF18AE249B3A0A000AC1F3 = {
						CreatedOnToolsVersion = 11.5;
					};
				};
			};
			buildConfigurationList = 6291C05A24901A8F00FFE6C2 /* Build configuration list for PBXProject "Lab2" */;
			compatibilityVersion = "Xcode 9.3";
			developmentRegion = en;
			hasScannedForEncodings = 0;
			knownRegions = (
				en,
				Base,
			);
			mainGroup = 6291C05624901A8F00FFE6C2;
			productRefGroup = 6291C06024901A8F00FFE6C2 /* Products */;
			projectDirPath = "";
			projectRoot = "";
			targets = (
				6291C05E24901A8F00FFE6C2 /* Lab2 */,
				6261F1D0249738AB00696680 /* Lab10 */,
				6261F1DB249738D100696680 /* Payments */,
				629D749F2499D47100C31F26 /* Threelow */,
				629D74AE2499D73400C31F26 /* Lab13 */,
				629D74BE2499D76700C31F26 /* Maths */,
				629D74E72499D7BC00C31F26 /* Foodtruck */,
				62BF18AE249B3A0A000AC1F3 /* PizzaRestaurant-master */,
			);
		};
/* End PBXProject section */

/* Begin PBXSourcesBuildPhase section */
		6261F1CD249738AB00696680 /* Sources */ = {
			isa = PBXSourcesBuildPhase;
			buildActionMask = 2147483647;
			files = (
			);
			runOnlyForDeploymentPostprocessing = 0;
		};
		6261F1D8249738D100696680 /* Sources */ = {
			isa = PBXSourcesBuildPhase;
			buildActionMask = 2147483647;
			files = (
				6261F1DF249738D100696680 /* main.m in Sources */,
				6261F1EE24973C4400696680 /* AmazonPaymentService.m in Sources */,
				6261F1E524973AEC00696680 /* PaymentGateway.m in Sources */,
				6261F1F124974C6000696680 /* ApplePaymentService.m in Sources */,
				6261F1E824973C2900696680 /* PaypalPaymentService.m in Sources */,
				6261F1EB24973C3700696680 /* StripePaymentService.m in Sources */,
			);
			runOnlyForDeploymentPostprocessing = 0;
		};
		6291C05B24901A8F00FFE6C2 /* Sources */ = {
			isa = PBXSourcesBuildPhase;
			buildActionMask = 2147483647;
			files = (
				6291C06324901A8F00FFE6C2 /* main.m in Sources */,
				6291C06B24901ACD00FFE6C2 /* Box.m in Sources */,
			);
			runOnlyForDeploymentPostprocessing = 0;
		};
		629D749C2499D47100C31F26 /* Sources */ = {
			isa = PBXSourcesBuildPhase;
			buildActionMask = 2147483647;
			files = (
				629D74A92499D5A600C31F26 /* Dice.m in Sources */,
				629D74FF2499E1C800C31F26 /* GameController.m in Sources */,
				629D74FC2499D80F00C31F26 /* InputHandler.m in Sources */,
				629D74A32499D47100C31F26 /* main.m in Sources */,
			);
			runOnlyForDeploymentPostprocessing = 0;
		};
		629D74AB2499D73400C31F26 /* Sources */ = {
			isa = PBXSourcesBuildPhase;
			buildActionMask = 2147483647;
			files = (
				629D74B92499D74000C31F26 /* NSString+PigLatinization.m in Sources */,
				629D74BA2499D74000C31F26 /* main.m in Sources */,
			);
			runOnlyForDeploymentPostprocessing = 0;
		};
		629D74BB2499D76700C31F26 /* Sources */ = {
			isa = PBXSourcesBuildPhase;
			buildActionMask = 2147483647;
			files = (
				629D74DB2499D7A000C31F26 /* ScoreKeeper.m in Sources */,
				629D74DF2499D7A000C31F26 /* InputHandler.m in Sources */,
				629D74E12499D7A000C31F26 /* DivisionQuestion.m in Sources */,
				629D74DC2499D7A000C31F26 /* AdditionQuestion.m in Sources */,
				629D74DA2499D7A000C31F26 /* Question.m in Sources */,
				629D74DD2499D7A000C31F26 /* QuestionManager.m in Sources */,
				629D74E02499D7A000C31F26 /* QuestionFactory.m in Sources */,
				629D74E22499D7A000C31F26 /* main.m in Sources */,
				629D74E32499D7A000C31F26 /* SubtractionQuestion.m in Sources */,
				629D74DE2499D7A000C31F26 /* MultipleQuestion.m in Sources */,
			);
			runOnlyForDeploymentPostprocessing = 0;
		};
		629D74E42499D7BC00C31F26 /* Sources */ = {
			isa = PBXSourcesBuildPhase;
			buildActionMask = 2147483647;
			files = (
				629D74F82499D7D600C31F26 /* Cook2.m in Sources */,
				629D74F62499D7D600C31F26 /* main.m in Sources */,
				629D74EB2499D7BC00C31F26 /* main.m in Sources */,
				629D74F92499D7D600C31F26 /* FoodTruck.m in Sources */,
				629D74F72499D7D600C31F26 /* Cook.m in Sources */,
			);
			runOnlyForDeploymentPostprocessing = 0;
		};
		62BF18AB249B3A0A000AC1F3 /* Sources */ = {
			isa = PBXSourcesBuildPhase;
			buildActionMask = 2147483647;
			files = (
				62BF18BA249B3A18000AC1F3 /* Kitchen.m in Sources */,
				62469156249C35D000605E19 /* SecondManager.m in Sources */,
				6246915C249C4A6400605E19 /* DeliveryCar.m in Sources */,
				62469153249C33E200605E19 /* HateAnchoviesManager.m in Sources */,
				62469159249C4A5500605E19 /* DeliveryService.m in Sources */,
				6246914D249C2F0300605E19 /* KitchenDelegate.m in Sources */,
				62BF18BB249B3A18000AC1F3 /* main.m in Sources */,
				628BAB8B249BB0D800638809 /* Pizza.m in Sources */,
			);
			runOnlyForDeploymentPostprocessing = 0;
		};
/* End PBXSourcesBuildPhase section */

/* Begin XCBuildConfiguration section */
		6261F1D5249738AB00696680 /* Debug */ = {
			isa = XCBuildConfiguration;
			buildSettings = {
				CODE_SIGN_STYLE = Automatic;
				DEVELOPMENT_TEAM = W2NMRBH7Y3;
				ENABLE_HARDENED_RUNTIME = YES;
				PRODUCT_NAME = "$(TARGET_NAME)";
			};
			name = Debug;
		};
		6261F1D6249738AB00696680 /* Release */ = {
			isa = XCBuildConfiguration;
			buildSettings = {
				CODE_SIGN_STYLE = Automatic;
				DEVELOPMENT_TEAM = W2NMRBH7Y3;
				ENABLE_HARDENED_RUNTIME = YES;
				PRODUCT_NAME = "$(TARGET_NAME)";
			};
			name = Release;
		};
		6261F1E1249738D100696680 /* Debug */ = {
			isa = XCBuildConfiguration;
			buildSettings = {
				CODE_SIGN_STYLE = Automatic;
				DEVELOPMENT_TEAM = W2NMRBH7Y3;
				ENABLE_HARDENED_RUNTIME = YES;
				PRODUCT_NAME = "$(TARGET_NAME)";
			};
			name = Debug;
		};
		6261F1E2249738D100696680 /* Release */ = {
			isa = XCBuildConfiguration;
			buildSettings = {
				CODE_SIGN_STYLE = Automatic;
				DEVELOPMENT_TEAM = W2NMRBH7Y3;
				ENABLE_HARDENED_RUNTIME = YES;
				PRODUCT_NAME = "$(TARGET_NAME)";
			};
			name = Release;
		};
		6291C06424901A8F00FFE6C2 /* Debug */ = {
			isa = XCBuildConfiguration;
			buildSettings = {
				ALWAYS_SEARCH_USER_PATHS = NO;
				CLANG_ANALYZER_NONNULL = YES;
				CLANG_ANALYZER_NUMBER_OBJECT_CONVERSION = YES_AGGRESSIVE;
				CLANG_CXX_LANGUAGE_STANDARD = "gnu++14";
				CLANG_CXX_LIBRARY = "libc++";
				CLANG_ENABLE_MODULES = YES;
				CLANG_ENABLE_OBJC_ARC = YES;
				CLANG_ENABLE_OBJC_WEAK = YES;
				CLANG_WARN_BLOCK_CAPTURE_AUTORELEASING = YES;
				CLANG_WARN_BOOL_CONVERSION = YES;
				CLANG_WARN_COMMA = YES;
				CLANG_WARN_CONSTANT_CONVERSION = YES;
				CLANG_WARN_DEPRECATED_OBJC_IMPLEMENTATIONS = YES;
				CLANG_WARN_DIRECT_OBJC_ISA_USAGE = YES_ERROR;
				CLANG_WARN_DOCUMENTATION_COMMENTS = YES;
				CLANG_WARN_EMPTY_BODY = YES;
				CLANG_WARN_ENUM_CONVERSION = YES;
				CLANG_WARN_INFINITE_RECURSION = YES;
				CLANG_WARN_INT_CONVERSION = YES;
				CLANG_WARN_NON_LITERAL_NULL_CONVERSION = YES;
				CLANG_WARN_OBJC_IMPLICIT_RETAIN_SELF = YES;
				CLANG_WARN_OBJC_LITERAL_CONVERSION = YES;
				CLANG_WARN_OBJC_ROOT_CLASS = YES_ERROR;
				CLANG_WARN_RANGE_LOOP_ANALYSIS = YES;
				CLANG_WARN_STRICT_PROTOTYPES = YES;
				CLANG_WARN_SUSPICIOUS_MOVE = YES;
				CLANG_WARN_UNGUARDED_AVAILABILITY = YES_AGGRESSIVE;
				CLANG_WARN_UNREACHABLE_CODE = YES;
				CLANG_WARN__DUPLICATE_METHOD_MATCH = YES;
				COPY_PHASE_STRIP = NO;
				DEBUG_INFORMATION_FORMAT = dwarf;
				ENABLE_STRICT_OBJC_MSGSEND = YES;
				ENABLE_TESTABILITY = YES;
				GCC_C_LANGUAGE_STANDARD = gnu11;
				GCC_DYNAMIC_NO_PIC = NO;
				GCC_NO_COMMON_BLOCKS = YES;
				GCC_OPTIMIZATION_LEVEL = 0;
				GCC_PREPROCESSOR_DEFINITIONS = (
					"DEBUG=1",
					"$(inherited)",
				);
				GCC_WARN_64_TO_32_BIT_CONVERSION = YES;
				GCC_WARN_ABOUT_RETURN_TYPE = YES_ERROR;
				GCC_WARN_UNDECLARED_SELECTOR = YES;
				GCC_WARN_UNINITIALIZED_AUTOS = YES_AGGRESSIVE;
				GCC_WARN_UNUSED_FUNCTION = YES;
				GCC_WARN_UNUSED_VARIABLE = YES;
				MACOSX_DEPLOYMENT_TARGET = 10.15;
				MTL_ENABLE_DEBUG_INFO = INCLUDE_SOURCE;
				MTL_FAST_MATH = YES;
				ONLY_ACTIVE_ARCH = YES;
				SDKROOT = macosx;
			};
			name = Debug;
		};
		6291C06524901A8F00FFE6C2 /* Release */ = {
			isa = XCBuildConfiguration;
			buildSettings = {
				ALWAYS_SEARCH_USER_PATHS = NO;
				CLANG_ANALYZER_NONNULL = YES;
				CLANG_ANALYZER_NUMBER_OBJECT_CONVERSION = YES_AGGRESSIVE;
				CLANG_CXX_LANGUAGE_STANDARD = "gnu++14";
				CLANG_CXX_LIBRARY = "libc++";
				CLANG_ENABLE_MODULES = YES;
				CLANG_ENABLE_OBJC_ARC = YES;
				CLANG_ENABLE_OBJC_WEAK = YES;
				CLANG_WARN_BLOCK_CAPTURE_AUTORELEASING = YES;
				CLANG_WARN_BOOL_CONVERSION = YES;
				CLANG_WARN_COMMA = YES;
				CLANG_WARN_CONSTANT_CONVERSION = YES;
				CLANG_WARN_DEPRECATED_OBJC_IMPLEMENTATIONS = YES;
				CLANG_WARN_DIRECT_OBJC_ISA_USAGE = YES_ERROR;
				CLANG_WARN_DOCUMENTATION_COMMENTS = YES;
				CLANG_WARN_EMPTY_BODY = YES;
				CLANG_WARN_ENUM_CONVERSION = YES;
				CLANG_WARN_INFINITE_RECURSION = YES;
				CLANG_WARN_INT_CONVERSION = YES;
				CLANG_WARN_NON_LITERAL_NULL_CONVERSION = YES;
				CLANG_WARN_OBJC_IMPLICIT_RETAIN_SELF = YES;
				CLANG_WARN_OBJC_LITERAL_CONVERSION = YES;
				CLANG_WARN_OBJC_ROOT_CLASS = YES_ERROR;
				CLANG_WARN_RANGE_LOOP_ANALYSIS = YES;
				CLANG_WARN_STRICT_PROTOTYPES = YES;
				CLANG_WARN_SUSPICIOUS_MOVE = YES;
				CLANG_WARN_UNGUARDED_AVAILABILITY = YES_AGGRESSIVE;
				CLANG_WARN_UNREACHABLE_CODE = YES;
				CLANG_WARN__DUPLICATE_METHOD_MATCH = YES;
				COPY_PHASE_STRIP = NO;
				DEBUG_INFORMATION_FORMAT = "dwarf-with-dsym";
				ENABLE_NS_ASSERTIONS = NO;
				ENABLE_STRICT_OBJC_MSGSEND = YES;
				GCC_C_LANGUAGE_STANDARD = gnu11;
				GCC_NO_COMMON_BLOCKS = YES;
				GCC_WARN_64_TO_32_BIT_CONVERSION = YES;
				GCC_WARN_ABOUT_RETURN_TYPE = YES_ERROR;
				GCC_WARN_UNDECLARED_SELECTOR = YES;
				GCC_WARN_UNINITIALIZED_AUTOS = YES_AGGRESSIVE;
				GCC_WARN_UNUSED_FUNCTION = YES;
				GCC_WARN_UNUSED_VARIABLE = YES;
				MACOSX_DEPLOYMENT_TARGET = 10.15;
				MTL_ENABLE_DEBUG_INFO = NO;
				MTL_FAST_MATH = YES;
				SDKROOT = macosx;
			};
			name = Release;
		};
		6291C06724901A8F00FFE6C2 /* Debug */ = {
			isa = XCBuildConfiguration;
			buildSettings = {
				CODE_SIGN_STYLE = Automatic;
				DEVELOPMENT_TEAM = W2NMRBH7Y3;
				ENABLE_HARDENED_RUNTIME = YES;
				PRODUCT_NAME = "$(TARGET_NAME)";
			};
			name = Debug;
		};
		6291C06824901A8F00FFE6C2 /* Release */ = {
			isa = XCBuildConfiguration;
			buildSettings = {
				CODE_SIGN_STYLE = Automatic;
				DEVELOPMENT_TEAM = W2NMRBH7Y3;
				ENABLE_HARDENED_RUNTIME = YES;
				PRODUCT_NAME = "$(TARGET_NAME)";
			};
			name = Release;
		};
		629D74A42499D47100C31F26 /* Debug */ = {
			isa = XCBuildConfiguration;
			buildSettings = {
				CODE_SIGN_STYLE = Automatic;
				DEVELOPMENT_TEAM = W2NMRBH7Y3;
				ENABLE_HARDENED_RUNTIME = YES;
				PRODUCT_NAME = "$(TARGET_NAME)";
			};
			name = Debug;
		};
		629D74A52499D47100C31F26 /* Release */ = {
			isa = XCBuildConfiguration;
			buildSettings = {
				CODE_SIGN_STYLE = Automatic;
				DEVELOPMENT_TEAM = W2NMRBH7Y3;
				ENABLE_HARDENED_RUNTIME = YES;
				PRODUCT_NAME = "$(TARGET_NAME)";
			};
			name = Release;
		};
		629D74B42499D73400C31F26 /* Debug */ = {
			isa = XCBuildConfiguration;
			buildSettings = {
				CODE_SIGN_STYLE = Automatic;
				DEVELOPMENT_TEAM = W2NMRBH7Y3;
				ENABLE_HARDENED_RUNTIME = YES;
				PRODUCT_NAME = "$(TARGET_NAME)";
			};
			name = Debug;
		};
		629D74B52499D73400C31F26 /* Release */ = {
			isa = XCBuildConfiguration;
			buildSettings = {
				CODE_SIGN_STYLE = Automatic;
				DEVELOPMENT_TEAM = W2NMRBH7Y3;
				ENABLE_HARDENED_RUNTIME = YES;
				PRODUCT_NAME = "$(TARGET_NAME)";
			};
			name = Release;
		};
		629D74C42499D76700C31F26 /* Debug */ = {
			isa = XCBuildConfiguration;
			buildSettings = {
				CODE_SIGN_STYLE = Automatic;
				DEVELOPMENT_TEAM = W2NMRBH7Y3;
				ENABLE_HARDENED_RUNTIME = YES;
				PRODUCT_NAME = "$(TARGET_NAME)";
			};
			name = Debug;
		};
		629D74C52499D76700C31F26 /* Release */ = {
			isa = XCBuildConfiguration;
			buildSettings = {
				CODE_SIGN_STYLE = Automatic;
				DEVELOPMENT_TEAM = W2NMRBH7Y3;
				ENABLE_HARDENED_RUNTIME = YES;
				PRODUCT_NAME = "$(TARGET_NAME)";
			};
			name = Release;
		};
		629D74ED2499D7BC00C31F26 /* Debug */ = {
			isa = XCBuildConfiguration;
			buildSettings = {
				CODE_SIGN_STYLE = Automatic;
				DEVELOPMENT_TEAM = W2NMRBH7Y3;
				ENABLE_HARDENED_RUNTIME = YES;
				PRODUCT_NAME = "$(TARGET_NAME)";
			};
			name = Debug;
		};
		629D74EE2499D7BC00C31F26 /* Release */ = {
			isa = XCBuildConfiguration;
			buildSettings = {
				CODE_SIGN_STYLE = Automatic;
				DEVELOPMENT_TEAM = W2NMRBH7Y3;
				ENABLE_HARDENED_RUNTIME = YES;
				PRODUCT_NAME = "$(TARGET_NAME)";
			};
			name = Release;
		};
		62BF18B3249B3A0A000AC1F3 /* Debug */ = {
			isa = XCBuildConfiguration;
			buildSettings = {
				CODE_SIGN_STYLE = Automatic;
				DEVELOPMENT_TEAM = W2NMRBH7Y3;
				ENABLE_HARDENED_RUNTIME = YES;
				PRODUCT_NAME = "$(TARGET_NAME)";
			};
			name = Debug;
		};
		62BF18B4249B3A0A000AC1F3 /* Release */ = {
			isa = XCBuildConfiguration;
			buildSettings = {
				CODE_SIGN_STYLE = Automatic;
				DEVELOPMENT_TEAM = W2NMRBH7Y3;
				ENABLE_HARDENED_RUNTIME = YES;
				PRODUCT_NAME = "$(TARGET_NAME)";
			};
			name = Release;
		};
/* End XCBuildConfiguration section */

/* Begin XCConfigurationList section */
		6261F1D7249738AB00696680 /* Build configuration list for PBXNativeTarget "Lab10" */ = {
			isa = XCConfigurationList;
			buildConfigurations = (
				6261F1D5249738AB00696680 /* Debug */,
				6261F1D6249738AB00696680 /* Release */,
			);
			defaultConfigurationIsVisible = 0;
			defaultConfigurationName = Release;
		};
		6261F1E0249738D100696680 /* Build configuration list for PBXNativeTarget "Payments" */ = {
			isa = XCConfigurationList;
			buildConfigurations = (
				6261F1E1249738D100696680 /* Debug */,
				6261F1E2249738D100696680 /* Release */,
			);
			defaultConfigurationIsVisible = 0;
			defaultConfigurationName = Release;
		};
		6291C05A24901A8F00FFE6C2 /* Build configuration list for PBXProject "Lab2" */ = {
			isa = XCConfigurationList;
			buildConfigurations = (
				6291C06424901A8F00FFE6C2 /* Debug */,
				6291C06524901A8F00FFE6C2 /* Release */,
			);
			defaultConfigurationIsVisible = 0;
			defaultConfigurationName = Release;
		};
		6291C06624901A8F00FFE6C2 /* Build configuration list for PBXNativeTarget "Lab2" */ = {
			isa = XCConfigurationList;
			buildConfigurations = (
				6291C06724901A8F00FFE6C2 /* Debug */,
				6291C06824901A8F00FFE6C2 /* Release */,
			);
			defaultConfigurationIsVisible = 0;
			defaultConfigurationName = Release;
		};
		629D74A62499D47100C31F26 /* Build configuration list for PBXNativeTarget "Threelow" */ = {
			isa = XCConfigurationList;
			buildConfigurations = (
				629D74A42499D47100C31F26 /* Debug */,
				629D74A52499D47100C31F26 /* Release */,
			);
			defaultConfigurationIsVisible = 0;
			defaultConfigurationName = Release;
		};
		629D74B32499D73400C31F26 /* Build configuration list for PBXNativeTarget "Lab13" */ = {
			isa = XCConfigurationList;
			buildConfigurations = (
				629D74B42499D73400C31F26 /* Debug */,
				629D74B52499D73400C31F26 /* Release */,
			);
			defaultConfigurationIsVisible = 0;
			defaultConfigurationName = Release;
		};
		629D74C32499D76700C31F26 /* Build configuration list for PBXNativeTarget "Maths" */ = {
			isa = XCConfigurationList;
			buildConfigurations = (
				629D74C42499D76700C31F26 /* Debug */,
				629D74C52499D76700C31F26 /* Release */,
			);
			defaultConfigurationIsVisible = 0;
			defaultConfigurationName = Release;
		};
		629D74EC2499D7BC00C31F26 /* Build configuration list for PBXNativeTarget "Foodtruck" */ = {
			isa = XCConfigurationList;
			buildConfigurations = (
				629D74ED2499D7BC00C31F26 /* Debug */,
				629D74EE2499D7BC00C31F26 /* Release */,
			);
			defaultConfigurationIsVisible = 0;
			defaultConfigurationName = Release;
		};
		62BF18B5249B3A0A000AC1F3 /* Build configuration list for PBXNativeTarget "PizzaRestaurant-master" */ = {
			isa = XCConfigurationList;
			buildConfigurations = (
				62BF18B3249B3A0A000AC1F3 /* Debug */,
				62BF18B4249B3A0A000AC1F3 /* Release */,
			);
			defaultConfigurationIsVisible = 0;
			defaultConfigurationName = Release;
		};
/* End XCConfigurationList section */
	};
	rootObject = 6291C05724901A8F00FFE6C2 /* Project object */;
}
